{
  "name": "pull-to-refresh",
  "version": "1.0.0",
  "lockfileVersion": 1,
  "requires": true,
  "dependencies": {
    "mobile-pull-to-refresh": {
      "version": "0.1.7",
      "resolved": "https://registry.npmjs.org/mobile-pull-to-refresh/-/mobile-pull-to-refresh-0.1.7.tgz",
      "integrity": "sha512-wgL+8RufmnOVTe+uQbbtySt3Tf5lA2hiCmNW+ntFo5qy2vWvTCc5ECv9XGOed9CIXJTiz0oGYTorAdx14JZzQw=="
    }
  }
}
